
Microsoft Visual Studio Solution File, Format Version 12.00
# Visual Studio Version 17
VisualStudioVersion = 17.0.31903.59
MinimumVisualStudioVersion = 10.0.40219.1
Project("{FAE04EC0-301F-11D3-BF4B-00C04F79EFBC}") = "API", "API\API.csproj", "{26F15BC5-BA52-4621-AC78-FFCB95D6E0DC}"
EndProject
Project("{FAE04EC0-301F-11D3-BF4B-00C04F79EFBC}") = "Models", "Models\Models.csproj", "{08C07DE9-E088-4C7C-AB60-CA04D45C4EBF}"
EndProject
Project("{FAE04EC0-301F-11D3-BF4B-00C04F79EFBC}") = "Persistence", "Persistence\Persistence.csproj", "{56B11633-14CA-4893-BBA8-4012A59D9BD1}"
EndProject
Project("{FAE04EC0-301F-11D3-BF4B-00C04F79EFBC}") = "ApplicationLogic", "ApplicationLogic\ApplicationLogic.csproj", "{3CB62EC4-D3DC-4658-B531-EBDAFE6AB902}"
EndProject
Global
	GlobalSection(SolutionConfigurationPlatforms) = preSolution
		Debug|Any CPU = Debug|Any CPU
		Release|Any CPU = Release|Any CPU
	EndGlobalSection
	GlobalSection(SolutionProperties) = preSolution
		HideSolutionNode = FALSE
	EndGlobalSection
	GlobalSection(ProjectConfigurationPlatforms) = postSolution
		{26F15BC5-BA52-4621-AC78-FFCB95D6E0DC}.Debug|Any CPU.ActiveCfg = Debug|Any CPU
		{26F15BC5-BA52-4621-AC78-FFCB95D6E0DC}.Debug|Any CPU.Build.0 = Debug|Any CPU
		{26F15BC5-BA52-4621-AC78-FFCB95D6E0DC}.Release|Any CPU.ActiveCfg = Release|Any CPU
		{26F15BC5-BA52-4621-AC78-FFCB95D6E0DC}.Release|Any CPU.Build.0 = Release|Any CPU
		{08C07DE9-E088-4C7C-AB60-CA04D45C4EBF}.Debug|Any CPU.ActiveCfg = Debug|Any CPU
		{08C07DE9-E088-4C7C-AB60-CA04D45C4EBF}.Debug|Any CPU.Build.0 = Debug|Any CPU
		{08C07DE9-E088-4C7C-AB60-CA04D45C4EBF}.Release|Any CPU.ActiveCfg = Release|Any CPU
		{08C07DE9-E088-4C7C-AB60-CA04D45C4EBF}.Release|Any CPU.Build.0 = Release|Any CPU
		{56B11633-14CA-4893-BBA8-4012A59D9BD1}.Debug|Any CPU.ActiveCfg = Debug|Any CPU
		{56B11633-14CA-4893-BBA8-4012A59D9BD1}.Debug|Any CPU.Build.0 = Debug|Any CPU
		{56B11633-14CA-4893-BBA8-4012A59D9BD1}.Release|Any CPU.ActiveCfg = Release|Any CPU
		{56B11633-14CA-4893-BBA8-4012A59D9BD1}.Release|Any CPU.Build.0 = Release|Any CPU
		{3CB62EC4-D3DC-4658-B531-EBDAFE6AB902}.Debug|Any CPU.ActiveCfg = Debug|Any CPU
		{3CB62EC4-D3DC-4658-B531-EBDAFE6AB902}.Debug|Any CPU.Build.0 = Debug|Any CPU
		{3CB62EC4-D3DC-4658-B531-EBDAFE6AB902}.Release|Any CPU.ActiveCfg = Release|Any CPU
		{3CB62EC4-D3DC-4658-B531-EBDAFE6AB902}.Release|Any CPU.Build.0 = Release|Any CPU
	EndGlobalSection
EndGlobal
